// !$*UTF8*$!
{
	archiveVersion = 1;
	classes = {
	};
	objectVersion = 46;
	objects = {

/* Begin PBXBuildFile section */
		BBA12BB71D9BCD27000E8283 /* AppDelegate.swift in Sources */ = {isa = PBXBuildFile; fileRef = BBA12BB61D9BCD27000E8283 /* AppDelegate.swift */; };
		BBA12BB91D9BCD27000E8283 /* ViewController.swift in Sources */ = {isa = PBXBuildFile; fileRef = BBA12BB81D9BCD27000E8283 /* ViewController.swift */; };
		BBA12BBC1D9BCD27000E8283 /* Main.storyboard in Resources */ = {isa = PBXBuildFile; fileRef = BBA12BBA1D9BCD27000E8283 /* Main.storyboard */; };
		BBA12BBE1D9BCD27000E8283 /* Assets.xcassets in Resources */ = {isa = PBXBuildFile; fileRef = BBA12BBD1D9BCD27000E8283 /* Assets.xcassets */; };
		BBA12BC11D9BCD27000E8283 /* LaunchScreen.storyboard in Resources */ = {isa = PBXBuildFile; fileRef = BBA12BBF1D9BCD27000E8283 /* LaunchScreen.storyboard */; };
		BBA12BCC1D9BCD27000E8283 /* MFZBTests.swift in Sources */ = {isa = PBXBuildFile; fileRef = BBA12BCB1D9BCD27000E8283 /* MFZBTests.swift */; };
		BBA12BD71D9BCD27000E8283 /* MFZBUITests.swift in Sources */ = {isa = PBXBuildFile; fileRef = BBA12BD61D9BCD27000E8283 /* MFZBUITests.swift */; };
/* End PBXBuildFile section */

/* Begin PBXContainerItemProxy section */
		BBA12BC81D9BCD27000E8283 /* PBXContainerItemProxy */ = {
			isa = PBXContainerItemProxy;
			containerPortal = BBA12BAB1D9BCD27000E8283 /* Project object */;
			proxyType = 1;
			remoteGlobalIDString = BBA12BB21D9BCD27000E8283;
			remoteInfo = MFZB;
		};
		BBA12BD31D9BCD27000E8283 /* PBXContainerItemProxy */ = {
			isa = PBXContainerItemProxy;
			containerPortal = BBA12BAB1D9BCD27000E8283 /* Project object */;
			proxyType = 1;
			remoteGlobalIDString = BBA12BB21D9BCD27000E8283;
			remoteInfo = MFZB;
		};
/* End PBXContainerItemProxy section */

/* Begin PBXFileReference section */
		BBA12BB31D9BCD27000E8283 /* MFZB.app */ = {isa = PBXFileReference; explicitFileType = wrapper.application; includeInIndex = 0; path = MFZB.app; sourceTree = BUILT_PRODUCTS_DIR; };
		BBA12BB61D9BCD27000E8283 /* AppDelegate.swift */ = {isa = PBXFileReference; lastKnownFileType = sourcecode.swift; path = AppDelegate.swift; sourceTree = "<group>"; };
		BBA12BB81D9BCD27000E8283 /* ViewController.swift */ = {isa = PBXFileReference; lastKnownFileType = sourcecode.swift; path = ViewController.swift; sourceTree = "<group>"; };
		BBA12BBB1D9BCD27000E8283 /* Base */ = {isa = PBXFileReference; lastKnownFileType = file.storyboard; name = Base; path = Base.lproj/Main.storyboard; sourceTree = "<group>"; };
		BBA12BBD1D9BCD27000E8283 /* Assets.xcassets */ = {isa = PBXFileReference; lastKnownFileType = folder.assetcatalog; path = Assets.xcassets; sourceTree = "<group>"; };
		BBA12BC01D9BCD27000E8283 /* Base */ = {isa = PBXFileReference; lastKnownFileType = file.storyboard; name = Base; path = Base.lproj/LaunchScreen.storyboard; sourceTree = "<group>"; };
		BBA12BC21D9BCD27000E8283 /* Info.plist */ = {isa = PBXFileReference; lastKnownFileType = text.plist.xml; path = Info.plist; sourceTree = "<group>"; };
		BBA12BC71D9BCD27000E8283 /* MFZBTests.xctest */ = {isa = PBXFileReference; explicitFileType = wrapper.cfbundle; includeInIndex = 0; path = MFZBTests.xctest; sourceTree = BUILT_PRODUCTS_DIR; };
		BBA12BCB1D9BCD27000E8283 /* MFZBTests.swift */ = {isa = PBXFileReference; lastKnownFileType = sourcecode.swift; path = MFZBTests.swift; sourceTree = "<group>"; };
		BBA12BCD1D9BCD27000E8283 /* Info.plist */ = {isa = PBXFileReference; lastKnownFileType = text.plist.xml; path = Info.plist; sourceTree = "<group>"; };
		BBA12BD21D9BCD27000E8283 /* MFZBUITests.xctest */ = {isa = PBXFileReference; explicitFileType = wrapper.cfbundle; includeInIndex = 0; path = MFZBUITests.xctest; sourceTree = BUILT_PRODUCTS_DIR; };
		BBA12BD61D9BCD27000E8283 /* MFZBUITests.swift */ = {isa = PBXFileReference; lastKnownFileType = sourcecode.swift; path = MFZBUITests.swift; sourceTree = "<group>"; };
		BBA12BD81D9BCD27000E8283 /* Info.plist */ = {isa = PBXFileReference; lastKnownFileType = text.plist.xml; path = Info.plist; sourceTree = "<group>"; };
/* End PBXFileReference section */

/* Begin PBXFrameworksBuildPhase section */
		BBA12BB01D9BCD27000E8283 /* Frameworks */ = {
			isa = PBXFrameworksBuildPhase;
			buildActionMask = 2147483647;
			files = (
			);
			runOnlyForDeploymentPostprocessing = 0;
		};
		BBA12BC41D9BCD27000E8283 /* Frameworks */ = {
			isa = PBXFrameworksBuildPhase;
			buildActionMask = 2147483647;
			files = (
			);
			runOnlyForDeploymentPostprocessing = 0;
		};
		BBA12BCF1D9BCD27000E8283 /* Frameworks */ = {
			isa = PBXFrameworksBuildPhase;
			buildActionMask = 2147483647;
			files = (
			);
			runOnlyForDeploymentPostprocessing = 0;
		};
/* End PBXFrameworksBuildPhase section */

/* Begin PBXGroup section */
		BBA12BAA1D9BCD27000E8283 = {
			isa = PBXGroup;
			children = (
				BBA12BB51D9BCD27000E8283 /* MFZB */,
				BBA12BCA1D9BCD27000E8283 /* MFZBTests */,
				BBA12BD51D9BCD27000E8283 /* MFZBUITests */,
				BBA12BB41D9BCD27000E8283 /* Products */,
			);
			sourceTree = "<group>";
		};
		BBA12BB41D9BCD27000E8283 /* Products */ = {
			isa = PBXGroup;
			children = (
				BBA12BB31D9BCD27000E8283 /* MFZB.app */,
				BBA12BC71D9BCD27000E8283 /* MFZBTests.xctest */,
				BBA12BD21D9BCD27000E8283 /* MFZBUITests.xctest */,
			);
			name = Products;
			sourceTree = "<group>";
		};
		BBA12BB51D9BCD27000E8283 /* MFZB */ = {
			isa = PBXGroup;
			children = (
				BBA12BE41D9BCE21000E8283 /* Classes */,
				BBA12BB61D9BCD27000E8283 /* AppDelegate.swift */,
				BBA12BB81D9BCD27000E8283 /* ViewController.swift */,
				BBA12BBA1D9BCD27000E8283 /* Main.storyboard */,
				BBA12BBD1D9BCD27000E8283 /* Assets.xcassets */,
				BBA12BBF1D9BCD27000E8283 /* LaunchScreen.storyboard */,
				BBA12BC21D9BCD27000E8283 /* Info.plist */,
			);
			path = MFZB;
			sourceTree = "<group>";
		};
		BBA12BCA1D9BCD27000E8283 /* MFZBTests */ = {
			isa = PBXGroup;
			children = (
				BBA12BCB1D9BCD27000E8283 /* MFZBTests.swift */,
				BBA12BCD1D9BCD27000E8283 /* Info.plist */,
			);
			path = MFZBTests;
			sourceTree = "<group>";
		};
		BBA12BD51D9BCD27000E8283 /* MFZBUITests */ = {
			isa = PBXGroup;
			children = (
				BBA12BD61D9BCD27000E8283 /* MFZBUITests.swift */,
				BBA12BD81D9BCD27000E8283 /* Info.plist */,
			);
			path = MFZBUITests;
			sourceTree = "<group>";
		};
		BBA12BE41D9BCE21000E8283 /* Classes */ = {
			isa = PBXGroup;
			children = (
				BBA12BE51D9BCE93000E8283 /* Follow */,
				BBA12BE61D9BCE93000E8283 /* Home */,
				BBA12BE71D9BCE93000E8283 /* Live */,
				BBA12BE81D9BCE93000E8283 /* Main */,
				BBA12BE91D9BCE93000E8283 /* Profile */,
				BBA12BEA1D9BCE93000E8283 /* Tools */,
			);
			path = Classes;
			sourceTree = "<group>";
		};
		BBA12BE51D9BCE93000E8283 /* Follow */ = {
			isa = PBXGroup;
			children = (
			);
			path = Follow;
			sourceTree = "<group>";
		};
		BBA12BE61D9BCE93000E8283 /* Home */ = {
			isa = PBXGroup;
			children = (
			);
			path = Home;
			sourceTree = "<group>";
		};
		BBA12BE71D9BCE93000E8283 /* Live */ = {
			isa = PBXGroup;
			children = (
			);
			path = Live;
			sourceTree = "<group>";
		};
		BBA12BE81D9BCE93000E8283 /* Main */ = {
			isa = PBXGroup;
			children = (
			);
			path = Main;
			sourceTree = "<group>";
		};
		BBA12BE91D9BCE93000E8283 /* Profile */ = {
			isa = PBXGroup;
			children = (
			);
			path = Profile;
			sourceTree = "<group>";
		};
		BBA12BEA1D9BCE93000E8283 /* Tools */ = {
			isa = PBXGroup;
			children = (
			);
			path = Tools;
			sourceTree = "<group>";
		};
/* End PBXGroup section */

/* Begin PBXNativeTarget section */
		BBA12BB21D9BCD27000E8283 /* MFZB */ = {
			isa = PBXNativeTarget;
			buildConfigurationList = BBA12BDB1D9BCD27000E8283 /* Build configuration list for PBXNativeTarget "MFZB" */;
			buildPhases = (
				BBA12BAF1D9BCD27000E8283 /* Sources */,
				BBA12BB01D9BCD27000E8283 /* Frameworks */,
				BBA12BB11D9BCD27000E8283 /* Resources */,
			);
			buildRules = (
			);
			dependencies = (
			);
			name = MFZB;
			productName = MFZB;
			productReference = BBA12BB31D9BCD27000E8283 /* MFZB.app */;
			productType = "com.apple.product-type.application";
		};
		BBA12BC61D9BCD27000E8283 /* MFZBTests */ = {
			isa = PBXNativeTarget;
			buildConfigurationList = BBA12BDE1D9BCD27000E8283 /* Build configuration list for PBXNativeTarget "MFZBTests" */;
			buildPhases = (
				BBA12BC31D9BCD27000E8283 /* Sources */,
				BBA12BC41D9BCD27000E8283 /* Frameworks */,
				BBA12BC51D9BCD27000E8283 /* Resources */,
			);
			buildRules = (
			);
			dependencies = (
				BBA12BC91D9BCD27000E8283 /* PBXTargetDependency */,
			);
			name = MFZBTests;
			productName = MFZBTests;
			productReference = BBA12BC71D9BCD27000E8283 /* MFZBTests.xctest */;
			productType = "com.apple.product-type.bundle.unit-test";
		};
		BBA12BD11D9BCD27000E8283 /* MFZBUITests */ = {
			isa = PBXNativeTarget;
			buildConfigurationList = BBA12BE11D9BCD27000E8283 /* Build configuration list for PBXNativeTarget "MFZBUITests" */;
			buildPhases = (
				BBA12BCE1D9BCD27000E8283 /* Sources */,
				BBA12BCF1D9BCD27000E8283 /* Frameworks */,
				BBA12BD01D9BCD27000E8283 /* Resources */,
			);
			buildRules = (
			);
			dependencies = (
				BBA12BD41D9BCD27000E8283 /* PBXTargetDependency */,
			);
			name = MFZBUITests;
			productName = MFZBUITests;
			productReference = BBA12BD21D9BCD27000E8283 /* MFZBUITests.xctest */;
			productType = "com.apple.product-type.bundle.ui-testing";
		};
/* End PBXNativeTarget section */

/* Begin PBXProject section */
		BBA12BAB1D9BCD27000E8283 /* Project object */ = {
			isa = PBXProject;
			attributes = {
				LastSwiftUpdateCheck = 0720;
				LastUpgradeCheck = 0720;
				ORGANIZATIONNAME = "费劲";
				TargetAttributes = {
					BBA12BB21D9BCD27000E8283 = {
						CreatedOnToolsVersion = 7.2;
					};
					BBA12BC61D9BCD27000E8283 = {
						CreatedOnToolsVersion = 7.2;
						TestTargetID = BBA12BB21D9BCD27000E8283;
					};
					BBA12BD11D9BCD27000E8283 = {
						CreatedOnToolsVersion = 7.2;
						TestTargetID = BBA12BB21D9BCD27000E8283;
					};
				};
			};
			buildConfigurationList = BBA12BAE1D9BCD27000E8283 /* Build configuration list for PBXProject "MFZB" */;
			compatibilityVersion = "Xcode 3.2";
			developmentRegion = English;
			hasScannedForEncodings = 0;
			knownRegions = (
				en,
				Base,
			);
			mainGroup = BBA12BAA1D9BCD27000E8283;
			productRefGroup = BBA12BB41D9BCD27000E8283 /* Products */;
			projectDirPath = "";
			projectRoot = "";
			targets = (
				BBA12BB21D9BCD27000E8283 /* MFZB */,
				BBA12BC61D9BCD27000E8283 /* MFZBTests */,
				BBA12BD11D9BCD27000E8283 /* MFZBUITests */,
			);
		};
/* End PBXProject section */

/* Begin PBXResourcesBuildPhase section */
		BBA12BB11D9BCD27000E8283 /* Resources */ = {
			isa = PBXResourcesBuildPhase;
			buildActionMask = 2147483647;
			files = (
				BBA12BC11D9BCD27000E8283 /* LaunchScreen.storyboard in Resources */,
				BBA12BBE1D9BCD27000E8283 /* Assets.xcassets in Resources */,
				BBA12BBC1D9BCD27000E8283 /* Main.storyboard in Resources */,
			);
			runOnlyForDeploymentPostprocessing = 0;
		};
		BBA12BC51D9BCD27000E8283 /* Resources */ = {
			isa = PBXResourcesBuildPhase;
			buildActionMask = 2147483647;
			files = (
			);
			runOnlyForDeploymentPostprocessing = 0;
		};
		BBA12BD01D9BCD27000E8283 /* Resources */ = {
			isa = PBXResourcesBuildPhase;
			buildActionMask = 2147483647;
			files = (
			);
			runOnlyForDeploymentPostprocessing = 0;
		};
/* End PBXResourcesBuildPhase section */

/* Begin PBXSourcesBuildPhase section */
		BBA12BAF1D9BCD27000E8283 /* Sources */ = {
			isa = PBXSourcesBuildPhase;
			buildActionMask = 2147483647;
			files = (
				BBA12BB91D9BCD27000E8283 /* ViewController.swift in Sources */,
				BBA12BB71D9BCD27000E8283 /* AppDelegate.swift in Sources */,
			);
			runOnlyForDeploymentPostprocessing = 0;
		};
		BBA12BC31D9BCD27000E8283 /* Sources */ = {
			isa = PBXSourcesBuildPhase;
			buildActionMask = 2147483647;
			files = (
				BBA12BCC1D9BCD27000E8283 /* MFZBTests.swift in Sources */,
			);
			runOnlyForDeploymentPostprocessing = 0;
		};
		BBA12BCE1D9BCD27000E8283 /* Sources */ = {
			isa = PBXSourcesBuildPhase;
			buildActionMask = 2147483647;
			files = (
				BBA12BD71D9BCD27000E8283 /* MFZBUITests.swift in Sources */,
			);
			runOnlyForDeploymentPostprocessing = 0;
		};
/* End PBXSourcesBuildPhase section */

/* Begin PBXTargetDependency section */
		BBA12BC91D9BCD27000E8283 /* PBXTargetDependency */ = {
			isa = PBXTargetDependency;
			target = BBA12BB21D9BCD27000E8283 /* MFZB */;
			targetProxy = BBA12BC81D9BCD27000E8283 /* PBXContainerItemProxy */;
		};
		BBA12BD41D9BCD27000E8283 /* PBXTargetDependency */ = {
			isa = PBXTargetDependency;
			target = BBA12BB21D9BCD27000E8283 /* MFZB */;
			targetProxy = BBA12BD31D9BCD27000E8283 /* PBXContainerItemProxy */;
		};
/* End PBXTargetDependency section */

/* Begin PBXVariantGroup section */
		BBA12BBA1D9BCD27000E8283 /* Main.storyboard */ = {
			isa = PBXVariantGroup;
			children = (
				BBA12BBB1D9BCD27000E8283 /* Base */,
			);
			name = Main.storyboard;
			sourceTree = "<group>";
		};
		BBA12BBF1D9BCD27000E8283 /* LaunchScreen.storyboard */ = {
			isa = PBXVariantGroup;
			children = (
				BBA12BC01D9BCD27000E8283 /* Base */,
			);
			name = LaunchScreen.storyboard;
			sourceTree = "<group>";
		};
/* End PBXVariantGroup section */

/* Begin XCBuildConfiguration section */
		BBA12BD91D9BCD27000E8283 /* Debug */ = {
			isa = XCBuildConfiguration;
			buildSettings = {
				ALWAYS_SEARCH_USER_PATHS = NO;
				CLANG_CXX_LANGUAGE_STANDARD = "gnu++0x";
				CLANG_CXX_LIBRARY = "libc++";
				CLANG_ENABLE_MODULES = YES;
				CLANG_ENABLE_OBJC_ARC = YES;
				CLANG_WARN_BOOL_CONVERSION = YES;
				CLANG_WARN_CONSTANT_CONVERSION = YES;
				CLANG_WARN_DIRECT_OBJC_ISA_USAGE = YES_ERROR;
				CLANG_WARN_EMPTY_BODY = YES;
				CLANG_WARN_ENUM_CONVERSION = YES;
				CLANG_WARN_INT_CONVERSION = YES;
				CLANG_WARN_OBJC_ROOT_CLASS = YES_ERROR;
				CLANG_WARN_UNREACHABLE_CODE = YES;
				CLANG_WARN__DUPLICATE_METHOD_MATCH = YES;
				"CODE_SIGN_IDENTITY[sdk=iphoneos*]" = "iPhone Developer";
				COPY_PHASE_STRIP = NO;
				DEBUG_INFORMATION_FORMAT = dwarf;
				ENABLE_STRICT_OBJC_MSGSEND = YES;
				ENABLE_TESTABILITY = YES;
				GCC_C_LANGUAGE_STANDARD = gnu99;
				GCC_DYNAMIC_NO_PIC = NO;
				GCC_NO_COMMON_BLOCKS = YES;
				GCC_OPTIMIZATION_LEVEL = 0;
				GCC_PREPROCESSOR_DEFINITIONS = (
					"DEBUG=1",
					"$(inherited)",
				);
				GCC_WARN_64_TO_32_BIT_CONVERSION = YES;
				GCC_WARN_ABOUT_RETURN_TYPE = YES_ERROR;
				GCC_WARN_UNDECLARED_SELECTOR = YES;
				GCC_WARN_UNINITIALIZED_AUTOS = YES_AGGRESSIVE;
				GCC_WARN_UNUSED_FUNCTION = YES;
				GCC_WARN_UNUSED_VARIABLE = YES;
				IPHONEOS_DEPLOYMENT_TARGET = 9.2;
				MTL_ENABLE_DEBUG_INFO = YES;
				ONLY_ACTIVE_ARCH = YES;
				SDKROOT = iphoneos;
				SWIFT_OPTIMIZATION_LEVEL = "-Onone";
				TARGETED_DEVICE_FAMILY = "1,2";
			};
			name = Debug;
		};
		BBA12BDA1D9BCD27000E8283 /* Release */ = {
			isa = XCBuildConfiguration;
			buildSettings = {
				ALWAYS_SEARCH_USER_PATHS = NO;
				CLANG_CXX_LANGUAGE_STANDARD = "gnu++0x";
				CLANG_CXX_LIBRARY = "libc++";
				CLANG_ENABLE_MODULES = YES;
				CLANG_ENABLE_OBJC_ARC = YES;
				CLANG_WARN_BOOL_CONVERSION = YES;
				CLANG_WARN_CONSTANT_CONVERSION = YES;
				CLANG_WARN_DIRECT_OBJC_ISA_USAGE = YES_ERROR;
				CLANG_WARN_EMPTY_BODY = YES;
				CLANG_WARN_ENUM_CONVERSION = YES;
				CLANG_WARN_INT_CONVERSION = YES;
				CLANG_WARN_OBJC_ROOT_CLASS = YES_ERROR;
				CLANG_WARN_UNREACHABLE_CODE = YES;
				CLANG_WARN__DUPLICATE_METHOD_MATCH = YES;
				"CODE_SIGN_IDENTITY[sdk=iphoneos*]" = "iPhone Developer";
				COPY_PHASE_STRIP = NO;
				DEBUG_INFORMATION_FORMAT = "dwarf-with-dsym";
				ENABLE_NS_ASSERTIONS = NO;
				ENABLE_STRICT_OBJC_MSGSEND = YES;
				GCC_C_LANGUAGE_STANDARD = gnu99;
				GCC_NO_COMMON_BLOCKS = YES;
				GCC_WARN_64_TO_32_BIT_CONVERSION = YES;
				GCC_WARN_ABOUT_RETURN_TYPE = YES_ERROR;
				GCC_WARN_UNDECLARED_SELECTOR = YES;
				GCC_WARN_UNINITIALIZED_AUTOS = YES_AGGRESSIVE;
				GCC_WARN_UNUSED_FUNCTION = YES;
				GCC_WARN_UNUSED_VARIABLE = YES;
				IPHONEOS_DEPLOYMENT_TARGET = 9.2;
				MTL_ENABLE_DEBUG_INFO = NO;
				SDKROOT = iphoneos;
				TARGETED_DEVICE_FAMILY = "1,2";
				VALIDATE_PRODUCT = YES;
			};
			name = Release;
		};
		BBA12BDC1D9BCD27000E8283 /* Debug */ = {
			isa = XCBuildConfiguration;
			buildSettings = {
				ASSETCATALOG_COMPILER_APPICON_NAME = AppIcon;
				ASSETCATALOG_COMPILER_LAUNCHIMAGE_NAME = "Brand Assets";
				INFOPLIST_FILE = MFZB/Info.plist;
				IPHONEOS_DEPLOYMENT_TARGET = 9.0;
				LD_RUNPATH_SEARCH_PATHS = "$(inherited) @executable_path/Frameworks";
				PRODUCT_BUNDLE_IDENTIFIER = foo.MFZB;
				PRODUCT_NAME = "$(TARGET_NAME)";
			};
			name = Debug;
		};
		BBA12BDD1D9BCD27000E8283 /* Release */ = {
			isa = XCBuildConfiguration;
			buildSettings = {
				ASSETCATALOG_COMPILER_APPICON_NAME = AppIcon;
				ASSETCATALOG_COMPILER_LAUNCHIMAGE_NAME = "Brand Assets";
				INFOPLIST_FILE = MFZB/Info.plist;
				IPHONEOS_DEPLOYMENT_TARGET = 9.0;
				LD_RUNPATH_SEARCH_PATHS = "$(inherited) @executable_path/Frameworks";
				PRODUCT_BUNDLE_IDENTIFIER = foo.MFZB;
				PRODUCT_NAME = "$(TARGET_NAME)";
			};
			name = Release;
		};
		BBA12BDF1D9BCD27000E8283 /* Debug */ = {
			isa = XCBuildConfiguration;
			buildSettings = {
				BUNDLE_LOADER = "$(TEST_HOST)";
				INFOPLIST_FILE = MFZBTests/Info.plist;
				LD_RUNPATH_SEARCH_PATHS = "$(inherited) @executable_path/Frameworks @loader_path/Frameworks";
				PRODUCT_BUNDLE_IDENTIFIER = foo.MFZBTests;
				PRODUCT_NAME = "$(TARGET_NAME)";
				TEST_HOST = "$(BUILT_PRODUCTS_DIR)/MFZB.app/MFZB";
			};
			name = Debug;
		};
		BBA12BE01D9BCD27000E8283 /* Release */ = {
			isa = XCBuildConfiguration;
			buildSettings = {
				BUNDLE_LOADER = "$(TEST_HOST)";
				INFOPLIST_FILE = MFZBTests/Info.plist;
				LD_RUNPATH_SEARCH_PATHS = "$(inherited) @executable_path/Frameworks @loader_path/Frameworks";
				PRODUCT_BUNDLE_IDENTIFIER = foo.MFZBTests;
				PRODUCT_NAME = "$(TARGET_NAME)";
				TEST_HOST = "$(BUILT_PRODUCTS_DIR)/MFZB.app/MFZB";
			};
			name = Release;
		};
		BBA12BE21D9BCD27000E8283 /* Debug */ = {
			isa = XCBuildConfiguration;
			buildSettings = {
				INFOPLIST_FILE = MFZBUITests/Info.plist;
				LD_RUNPATH_SEARCH_PATHS = "$(inherited) @executable_path/Frameworks @loader_path/Frameworks";
				PRODUCT_BUNDLE_IDENTIFIER = foo.MFZBUITests;
				PRODUCT_NAME = "$(TARGET_NAME)";
				TEST_TARGET_NAME = MFZB;
				USES_XCTRUNNER = YES;
			};
			name = Debug;
		};
		BBA12BE31D9BCD27000E8283 /* Release */ = {
			isa = XCBuildConfiguration;
			buildSettings = {
				INFOPLIST_FILE = MFZBUITests/Info.plist;
				LD_RUNPATH_SEARCH_PATHS = "$(inherited) @executable_path/Frameworks @loader_path/Frameworks";
				PRODUCT_BUNDLE_IDENTIFIER = foo.MFZBUITests;
				PRODUCT_NAME = "$(TARGET_NAME)";
				TEST_TARGET_NAME = MFZB;
				USES_XCTRUNNER = YES;
			};
			name = Release;
		};
/* End XCBuildConfiguration section */

/* Begin XCConfigurationList section */
		BBA12BAE1D9BCD27000E8283 /* Build configuration list for PBXProject "MFZB" */ = {
			isa = XCConfigurationList;
			buildConfigurations = (
				BBA12BD91D9BCD27000E8283 /* Debug */,
				BBA12BDA1D9BCD27000E8283 /* Release */,
			);
			defaultConfigurationIsVisible = 0;
			defaultConfigurationName = Release;
		};
		BBA12BDB1D9BCD27000E8283 /* Build configuration list for PBXNativeTarget "MFZB" */ = {
			isa = XCConfigurationList;
			buildConfigurations = (
				BBA12BDC1D9BCD27000E8283 /* Debug */,
				BBA12BDD1D9BCD27000E8283 /* Release */,
			);
			defaultConfigurationIsVisible = 0;
			defaultConfigurationName = Release;
		};
		BBA12BDE1D9BCD27000E8283 /* Build configuration list for PBXNativeTarget "MFZBTests" */ = {
			isa = XCConfigurationList;
			buildConfigurations = (
				BBA12BDF1D9BCD27000E8283 /* Debug */,
				BBA12BE01D9BCD27000E8283 /* Release */,
			);
			defaultConfigurationIsVisible = 0;
			defaultConfigurationName = Release;
		};
		BBA12BE11D9BCD27000E8283 /* Build configuration list for PBXNativeTarget "MFZBUITests" */ = {
			isa = XCConfigurationList;
			buildConfigurations = (
				BBA12BE21D9BCD27000E8283 /* Debug */,
				BBA12BE31D9BCD27000E8283 /* Release */,
			);
			defaultConfigurationIsVisible = 0;
			defaultConfigurationName = Release;
		};
/* End XCConfigurationList section */
	};
	rootObject = BBA12BAB1D9BCD27000E8283 /* Project object */;
}
